<?xml version="1.0" encoding="utf-8"?>
<Project ToolsVersion="4.0" xmlns="http://schemas.microsoft.com/developer/msbuild/2003">
  <ItemGroup>
    <ClCompile Include="$(MSBuildThisFileDirectory)StageWall.cpp">
      <Filter>Other\ProjectBehavior\StageWall</Filter>
    </ClCompile>
    <ClCompile Include="$(MSBuildThisFileDirectory)Scene.cpp">
      <Filter>Scene</Filter>
    </ClCompile>
    <ClCompile Include="$(MSBuildThisFileDirectory)WinMain.cpp">
      <Filter>Other</Filter>
    </ClCompile>
    <ClCompile Include="$(MSBuildThisFileDirectory)GameOver.cpp">
      <Filter>Sprite\GameOver</Filter>
    </ClCompile>
    <ClCompile Include="$(MSBuildThisFileDirectory)Timer.cpp">
      <Filter>Sprite\Timer</Filter>
    </ClCompile>
    <ClCompile Include="$(MSBuildThisFileDirectory)ProjectBehavior.cpp">
      <Filter>Other\ProjectBehavior</Filter>
    </ClCompile>
    <ClCompile Include="$(MSBuildThisFileDirectory)ProjectShader.cpp">
      <Filter>Other\ProjectShader</Filter>
    </ClCompile>
    <ClCompile Include="$(MSBuildThisFileDirectory)SurprisedSprite.cpp">
      <Filter>Sprite\Surprised</Filter>
    </ClCompile>
    <ClCompile Include="$(MSBuildThisFileDirectory)Arrow.cpp">
      <Filter>Sprite\Alertlevel\Arrow</Filter>
    </ClCompile>
    <ClCompile Include="$(MSBuildThisFileDirectory)AlertlevelGauge.cpp">
      <Filter>Sprite\Alertlevel\AlertlevelGauge</Filter>
    </ClCompile>
    <ClCompile Include="$(MSBuildThisFileDirectory)LoseSightOf.cpp">
      <Filter>Sprite\LoseSightOf</Filter>
    </ClCompile>
    <ClCompile Include="$(MSBuildThisFileDirectory)KeyParticle.cpp">
      <Filter>Effect\KeyParticle</Filter>
    </ClCompile>
    <ClCompile Include="$(MSBuildThisFileDirectory)FadeOut.cpp">
      <Filter>Sprite\FadeOut</Filter>
    </ClCompile>
    <ClCompile Include="$(MSBuildThisFileDirectory)PlayerState.cpp">
      <Filter>State\PlayerState</Filter>
    </ClCompile>
    <ClCompile Include="$(MSBuildThisFileDirectory)CircleClockSprite.cpp">
      <Filter>Sprite\CircleClockSprite</Filter>
    </ClCompile>
    <ClCompile Include="$(MSBuildThisFileDirectory)EfkInterfece.cpp">
      <Filter>Effect\EfkInterfece</Filter>
    </ClCompile>
    <ClCompile Include="$(MSBuildThisFileDirectory)HeadManComment.cpp">
      <Filter>Sprite\HeadManComment</Filter>
    </ClCompile>
    <ClCompile Include="$(MSBuildThisFileDirectory)HungerGage.cpp">
      <Filter>Sprite\HungerGage</Filter>
    </ClCompile>
    <ClCompile Include="$(MSBuildThisFileDirectory)EnemyState.cpp">
      <Filter>State\EnemyState</Filter>
    </ClCompile>
    <ClCompile Include="$(MSBuildThisFileDirectory)DateChangeCommentDay.cpp">
      <Filter>Sprite\DateChangeComment\DateChangeCommentDay</Filter>
    </ClCompile>
    <ClCompile Include="$(MSBuildThisFileDirectory)DateChangeCommentNight.cpp">
      <Filter>Sprite\DateChangeComment\DateChangeCommentNight</Filter>
    </ClCompile>
    <ClCompile Include="$(MSBuildThisFileDirectory)GameManagerState.cpp">
      <Filter>State\GameManagerState</Filter>
    </ClCompile>
    <ClCompile Include="$(MSBuildThisFileDirectory)DescriptionSpriteFront.cpp">
      <Filter>Sprite\DescriptionSpriteFront</Filter>
    </ClCompile>
    <ClCompile Include="$(MSBuildThisFileDirectory)DescriptionSpriteFrontState.cpp">
      <Filter>State\DescriptionSpriteFrontState</Filter>
    </ClCompile>
    <ClCompile Include="$(MSBuildThisFileDirectory)PlayerHurteSprite.cpp">
      <Filter>Sprite\PlayerHeart</Filter>
    </ClCompile>
    <ClCompile Include="$(MSBuildThisFileDirectory)GameUI.cpp">
      <Filter>Sprite\GameUI</Filter>
    </ClCompile>
    <ClCompile Include="$(MSBuildThisFileDirectory)KeySprite.cpp">
      <Filter>Sprite\KeySprite</Filter>
    </ClCompile>
    <ClCompile Include="$(MSBuildThisFileDirectory)GameStageCanvas.cpp">
      <Filter>UICanvas\GameStageCanvas</Filter>
    </ClCompile>
    <ClCompile Include="$(MSBuildThisFileDirectory)TitleStageCanvas.cpp">
      <Filter>UICanvas\TitleStageCanvas</Filter>
    </ClCompile>
    <ClCompile Include="$(MSBuildThisFileDirectory)ClearStageCanvas.cpp">
      <Filter>UICanvas\ClearStageCanvas</Filter>
    </ClCompile>
    <ClCompile Include="$(MSBuildThisFileDirectory)DescriptionStageCanvas.cpp">
      <Filter>UICanvas\DescriptionStageCanvas</Filter>
    </ClCompile>
    <ClCompile Include="$(MSBuildThisFileDirectory)Villager.cpp">
      <Filter>Object\Enemy\Villager</Filter>
    </ClCompile>
    <ClCompile Include="$(MSBuildThisFileDirectory)Hunter.cpp">
      <Filter>Object\Enemy\Hunter</Filter>
    </ClCompile>
    <ClCompile Include="$(MSBuildThisFileDirectory)HeadMan.cpp">
      <Filter>Object\Enemy\HeadMan</Filter>
    </ClCompile>
    <ClCompile Include="$(MSBuildThisFileDirectory)BaseEnemy.cpp">
      <Filter>Object\Enemy\BaseEnemy</Filter>
    </ClCompile>
    <ClCompile Include="$(MSBuildThisFileDirectory)StageBuilding.cpp">
      <Filter>Object\Building</Filter>
    </ClCompile>
    <ClCompile Include="$(MSBuildThisFileDirectory)Key.cpp">
      <Filter>Object\Key</Filter>
    </ClCompile>
    <ClCompile Include="$(MSBuildThisFileDirectory)StageGate.cpp">
      <Filter>Object\StageGate</Filter>
    </ClCompile>
    <ClCompile Include="$(MSBuildThisFileDirectory)StageFloor.cpp">
      <Filter>Object\StageFloor</Filter>
    </ClCompile>
    <ClCompile Include="$(MSBuildThisFileDirectory)Player.cpp">
      <Filter>Object\Player</Filter>
    </ClCompile>
    <ClCompile Include="$(MSBuildThisFileDirectory)MyCamera.cpp">
      <Filter>Object\Camera</Filter>
    </ClCompile>
    <ClCompile Include="$(MSBuildThisFileDirectory)GameClearStage.cpp">
      <Filter>Object\Stage\ClearStage</Filter>
    </ClCompile>
    <ClCompile Include="$(MSBuildThisFileDirectory)GameStage.cpp">
      <Filter>Object\Stage\GameStage</Filter>
    </ClCompile>
    <ClCompile Include="$(MSBuildThisFileDirectory)TitleStage.cpp">
      <Filter>Object\Stage\TitleStage</Filter>
    </ClCompile>
    <ClCompile Include="$(MSBuildThisFileDirectory)DescriptionStage.cpp">
      <Filter>Object\Stage\DescriptionStage</Filter>
    </ClCompile>
    <ClCompile Include="$(MSBuildThisFileDirectory)Wood.cpp">
      <Filter>Object\Wood</Filter>
    </ClCompile>
    <ClCompile Include="$(MSBuildThisFileDirectory)WoodenBox.cpp">
      <Filter>Object\WoodBox</Filter>
    </ClCompile>
    <ClCompile Include="$(MSBuildThisFileDirectory)Meat.cpp">
      <Filter>Object\Meat</Filter>
    </ClCompile>
    <ClCompile Include="$(MSBuildThisFileDirectory)GoalPlayer.cpp">
      <Filter>Object\GoalPlayer</Filter>
    </ClCompile>
    <ClCompile Include="$(MSBuildThisFileDirectory)OpeningCameraMan.cpp">
      <Filter>Object\OpeningCamera\OpeningCameraMan</Filter>
    </ClCompile>
    <ClCompile Include="$(MSBuildThisFileDirectory)OpeningCameraState.cpp">
      <Filter>Object\OpeningCamera\OpeningCameraState</Filter>
    </ClCompile>
    <ClCompile Include="$(MSBuildThisFileDirectory)OpeningCamera.cpp">
      <Filter>Object\OpeningCamera\OpeningCamera</Filter>
    </ClCompile>
    <ClCompile Include="$(MSBuildThisFileDirectory)GameManager.cpp">
      <Filter>GameManager</Filter>
    </ClCompile>
  </ItemGroup>
  <ItemGroup>
    <ClInclude Include="$(MSBuildThisFileDirectory)StageWall.h">
      <Filter>Other\ProjectBehavior\StageWall</Filter>
    </ClInclude>
    <ClInclude Include="$(MSBuildThisFileDirectory)Scene.h">
      <Filter>Scene</Filter>
    </ClInclude>
    <ClInclude Include="$(MSBuildThisFileDirectory)Project.h">
      <Filter>Other</Filter>
    </ClInclude>
    <ClInclude Include="$(MSBuildThisFileDirectory)GameOver.h">
      <Filter>Sprite\GameOver</Filter>
    </ClInclude>
    <ClInclude Include="$(MSBuildThisFileDirectory)Timer.h">
      <Filter>Sprite\Timer</Filter>
    </ClInclude>
    <ClInclude Include="$(MSBuildThisFileDirectory)ProjectBehavior.h">
      <Filter>Other\ProjectBehavior</Filter>
    </ClInclude>
    <ClInclude Include="$(MSBuildThisFileDirectory)ProjectShader.h">
      <Filter>Other\ProjectShader</Filter>
    </ClInclude>
    <ClInclude Include="$(MSBuildThisFileDirectory)StateMchine.h">
      <Filter>State</Filter>
    </ClInclude>
    <ClInclude Include="$(MSBuildThisFileDirectory)Utility.h">
      <Filter>Other</Filter>
    </ClInclude>
    <ClInclude Include="$(MSBuildThisFileDirectory)EnemyState.h">
      <Filter>State\EnemyState</Filter>
    </ClInclude>
    <ClInclude Include="$(MSBuildThisFileDirectory)SurprisedSprite.h">
      <Filter>Sprite\Surprised</Filter>
    </ClInclude>
    <ClInclude Include="$(MSBuildThisFileDirectory)Arrow.h">
      <Filter>Sprite\Alertlevel\Arrow</Filter>
    </ClInclude>
    <ClInclude Include="$(MSBuildThisFileDirectory)AlertlevelGauge.h">
      <Filter>Sprite\Alertlevel\AlertlevelGauge</Filter>
    </ClInclude>
    <ClInclude Include="$(MSBuildThisFileDirectory)LoseSightOf.h">
      <Filter>Sprite\LoseSightOf</Filter>
    </ClInclude>
    <ClInclude Include="$(MSBuildThisFileDirectory)KeyParticle.h">
      <Filter>Effect\KeyParticle</Filter>
    </ClInclude>
    <ClInclude Include="$(MSBuildThisFileDirectory)FadeOut.h">
      <Filter>Sprite\FadeOut</Filter>
    </ClInclude>
    <ClInclude Include="$(MSBuildThisFileDirectory)playerState.h">
      <Filter>State\PlayerState</Filter>
    </ClInclude>
    <ClInclude Include="$(MSBuildThisFileDirectory)CircleClockSprite.h">
      <Filter>Sprite\CircleClockSprite</Filter>
    </ClInclude>
    <ClInclude Include="$(MSBuildThisFileDirectory)EfkInterfece.h">
      <Filter>Effect\EfkInterfece</Filter>
    </ClInclude>
    <ClInclude Include="$(MSBuildThisFileDirectory)HeadManComment.h">
      <Filter>Sprite\HeadManComment</Filter>
    </ClInclude>
    <ClInclude Include="$(MSBuildThisFileDirectory)HungerGage.h">
      <Filter>Sprite\HungerGage</Filter>
    </ClInclude>
    <ClInclude Include="$(MSBuildThisFileDirectory)DateChangeCommentDay.h">
      <Filter>Sprite\DateChangeComment\DateChangeCommentDay</Filter>
    </ClInclude>
    <ClInclude Include="$(MSBuildThisFileDirectory)DateChangeCommentNight.h">
      <Filter>Sprite\DateChangeComment\DateChangeCommentNight</Filter>
    </ClInclude>
    <ClInclude Include="$(MSBuildThisFileDirectory)GameManagerState.h">
      <Filter>State\GameManagerState</Filter>
    </ClInclude>
    <ClInclude Include="$(MSBuildThisFileDirectory)DescriptionSpriteFront.h">
      <Filter>Sprite\DescriptionSpriteFront</Filter>
    </ClInclude>
    <ClInclude Include="$(MSBuildThisFileDirectory)DescriptionSpriteFrontState.h">
      <Filter>State\DescriptionSpriteFrontState</Filter>
    </ClInclude>
    <ClInclude Include="$(MSBuildThisFileDirectory)PlayerHurteSprite.h">
      <Filter>Sprite\PlayerHeart</Filter>
    </ClInclude>
    <ClInclude Include="$(MSBuildThisFileDirectory)GameUI.h">
      <Filter>Sprite\GameUI</Filter>
    </ClInclude>
    <ClInclude Include="$(MSBuildThisFileDirectory)KeySprite.h">
      <Filter>Sprite\KeySprite</Filter>
    </ClInclude>
    <ClInclude Include="$(MSBuildThisFileDirectory)GameStageCanvas.h">
      <Filter>UICanvas\GameStageCanvas</Filter>
    </ClInclude>
    <ClInclude Include="$(MSBuildThisFileDirectory)TitleStageCanvas.h">
      <Filter>UICanvas\TitleStageCanvas</Filter>
    </ClInclude>
    <ClInclude Include="$(MSBuildThisFileDirectory)ClearStageCanvas.h">
      <Filter>UICanvas\ClearStageCanvas</Filter>
    </ClInclude>
    <ClInclude Include="$(MSBuildThisFileDirectory)DescriptionStageCanvas.h">
      <Filter>UICanvas\DescriptionStageCanvas</Filter>
    </ClInclude>
    <ClInclude Include="$(MSBuildThisFileDirectory)Villager.h">
      <Filter>Object\Enemy\Villager</Filter>
    </ClInclude>
    <ClInclude Include="$(MSBuildThisFileDirectory)Hunter.h">
      <Filter>Object\Enemy\Hunter</Filter>
    </ClInclude>
    <ClInclude Include="$(MSBuildThisFileDirectory)BaseEnemy.h">
      <Filter>Object\Enemy\BaseEnemy</Filter>
    </ClInclude>
    <ClInclude Include="$(MSBuildThisFileDirectory)StageBuilding.h">
      <Filter>Object\Building</Filter>
    </ClInclude>
    <ClInclude Include="$(MSBuildThisFileDirectory)Key.h">
      <Filter>Object\Key</Filter>
    </ClInclude>
    <ClInclude Include="$(MSBuildThisFileDirectory)StageGate.h">
      <Filter>Object\StageGate</Filter>
    </ClInclude>
    <ClInclude Include="$(MSBuildThisFileDirectory)StageFloor.h">
      <Filter>Object\StageFloor</Filter>
    </ClInclude>
    <ClInclude Include="$(MSBuildThisFileDirectory)Player.h">
      <Filter>Object\Player</Filter>
    </ClInclude>
    <ClInclude Include="$(MSBuildThisFileDirectory)MyCamera.h">
      <Filter>Object\Camera</Filter>
    </ClInclude>
    <ClInclude Include="$(MSBuildThisFileDirectory)GameClearStage.h">
      <Filter>Object\Stage\ClearStage</Filter>
    </ClInclude>
    <ClInclude Include="$(MSBuildThisFileDirectory)GameStage.h">
      <Filter>Object\Stage\GameStage</Filter>
    </ClInclude>
    <ClInclude Include="$(MSBuildThisFileDirectory)TitleStage.h">
      <Filter>Object\Stage\TitleStage</Filter>
    </ClInclude>
    <ClInclude Include="$(MSBuildThisFileDirectory)DescriptionStage.h">
      <Filter>Object\Stage\DescriptionStage</Filter>
    </ClInclude>
    <ClInclude Include="$(MSBuildThisFileDirectory)Wood.h">
      <Filter>Object\Wood</Filter>
    </ClInclude>
    <ClInclude Include="$(MSBuildThisFileDirectory)WoodenBox.h">
      <Filter>Object\WoodBox</Filter>
    </ClInclude>
    <ClInclude Include="$(MSBuildThisFileDirectory)Meat.h">
      <Filter>Object\Meat</Filter>
    </ClInclude>
    <ClInclude Include="$(MSBuildThisFileDirectory)GoalPlayer.h">
      <Filter>Object\GoalPlayer</Filter>
    </ClInclude>
    <ClInclude Include="$(MSBuildThisFileDirectory)OpeningCameraMan.h">
      <Filter>Object\OpeningCamera\OpeningCameraMan</Filter>
    </ClInclude>
    <ClInclude Include="$(MSBuildThisFileDirectory)OpeningCameraState.h">
      <Filter>Object\OpeningCamera\OpeningCameraState</Filter>
    </ClInclude>
    <ClInclude Include="$(MSBuildThisFileDirectory)OpeningCamera.h">
      <Filter>Object\OpeningCamera\OpeningCamera</Filter>
    </ClInclude>
    <ClInclude Include="$(MSBuildThisFileDirectory)GameManager.h">
      <Filter>GameManager</Filter>
    </ClInclude>
    <ClInclude Include="$(MSBuildThisFileDirectory)HeadMan.h">
      <Filter>Object\Enemy\HeadMan</Filter>
    </ClInclude>
  </ItemGroup>
  <ItemGroup>
    <Filter Include="Sprite">
      <UniqueIdentifier>{54291a69-9b40-405e-8894-834e24730e43}</UniqueIdentifier>
    </Filter>
    <Filter Include="Scene">
      <UniqueIdentifier>{3fc8834d-bbc3-4658-87ef-e3ce179047e8}</UniqueIdentifier>
    </Filter>
    <Filter Include="Other">
      <UniqueIdentifier>{897a3b98-473f-45cf-bc10-a0e07a11cb22}</UniqueIdentifier>
    </Filter>
    <Filter Include="Sprite\GameOver">
      <UniqueIdentifier>{a934e6c6-49fd-4124-abcb-ff51a7de4e16}</UniqueIdentifier>
    </Filter>
    <Filter Include="Other\ProjectBehavior">
      <UniqueIdentifier>{6334a5ad-110e-442c-b5c6-0be391cdc2aa}</UniqueIdentifier>
    </Filter>
    <Filter Include="Other\ProjectShader">
      <UniqueIdentifier>{c66ec96e-40eb-4dbb-94db-0fd4c494f24d}</UniqueIdentifier>
    </Filter>
    <Filter Include="State">
      <UniqueIdentifier>{313835df-8628-4c9c-8baa-d41fca0c0a33}</UniqueIdentifier>
    </Filter>
    <Filter Include="Sprite\PlayerHeart">
      <UniqueIdentifier>{de6815b6-15c2-4ccf-b600-9ea15467d71a}</UniqueIdentifier>
    </Filter>
    <Filter Include="Sprite\Surprised">
      <UniqueIdentifier>{1b6e1205-e679-4a00-9bdc-5833cea465d1}</UniqueIdentifier>
    </Filter>
    <Filter Include="Sprite\Alertlevel">
      <UniqueIdentifier>{732c903e-58a9-42b6-83f0-63f52350281d}</UniqueIdentifier>
    </Filter>
    <Filter Include="Sprite\Alertlevel\Arrow">
      <UniqueIdentifier>{ef181345-41ff-46df-847e-5ae5d304742e}</UniqueIdentifier>
    </Filter>
    <Filter Include="Sprite\Alertlevel\AlertlevelGauge">
      <UniqueIdentifier>{0568939c-7403-44bd-8d7f-284d4ab5ac8e}</UniqueIdentifier>
    </Filter>
    <Filter Include="Sprite\LoseSightOf">
      <UniqueIdentifier>{3736865d-3992-45ea-a504-6df8bdd8cfee}</UniqueIdentifier>
    </Filter>
    <Filter Include="Sprite\Timer">
      <UniqueIdentifier>{5fd87dde-7a84-4463-9135-8eae287877ce}</UniqueIdentifier>
    </Filter>
    <Filter Include="Sprite\FadeOut">
      <UniqueIdentifier>{0faa8958-a51e-49b9-8c1f-4792bfeba927}</UniqueIdentifier>
    </Filter>
    <Filter Include="State\PlayerState">
      <UniqueIdentifier>{d6213656-1c77-43fd-8f4c-948497df5c9d}</UniqueIdentifier>
    </Filter>
    <Filter Include="State\EnemyState">
      <UniqueIdentifier>{9d24c86d-2c4b-4681-8f5d-bfec65d359fb}</UniqueIdentifier>
    </Filter>
    <Filter Include="Sprite\HeadManComment">
      <UniqueIdentifier>{bc13c41f-26ef-4066-b0c6-2e520980d2e9}</UniqueIdentifier>
    </Filter>
    <Filter Include="Sprite\DateChangeComment">
      <UniqueIdentifier>{081f865f-13af-461c-90d2-4ed5e18b7e7b}</UniqueIdentifier>
    </Filter>
    <Filter Include="Sprite\DateChangeComment\DateChangeCommentDay">
      <UniqueIdentifier>{696fc0ae-dce6-4a14-a1f7-dfee81cdfbe4}</UniqueIdentifier>
    </Filter>
    <Filter Include="Sprite\DateChangeComment\DateChangeCommentNight">
      <UniqueIdentifier>{daf85ace-1938-4323-b63a-e3fc0467e3de}</UniqueIdentifier>
    </Filter>
    <Filter Include="Sprite\CircleClockSprite">
      <UniqueIdentifier>{5af14bf9-13fb-437b-bdba-5d3548085b25}</UniqueIdentifier>
    </Filter>
    <Filter Include="State\GameManagerState">
      <UniqueIdentifier>{9032d263-e293-474c-985f-3fcedd543bfb}</UniqueIdentifier>
    </Filter>
    <Filter Include="State\DescriptionSpriteFrontState">
      <UniqueIdentifier>{815379fd-ec0d-44a9-a933-4b7d7dda9d42}</UniqueIdentifier>
    </Filter>
    <Filter Include="Sprite\DescriptionSpriteFront">
      <UniqueIdentifier>{51d7af2e-2bc0-4eea-aa87-08db5210b37e}</UniqueIdentifier>
    </Filter>
    <Filter Include="Other\ProjectBehavior\StageWall">
      <UniqueIdentifier>{3fe7f276-5288-4609-a33b-cf09413b6d24}</UniqueIdentifier>
    </Filter>
    <Filter Include="Sprite\HungerGage">
      <UniqueIdentifier>{fab0f756-2ba8-4f56-a2c6-b637f0451870}</UniqueIdentifier>
    </Filter>
    <Filter Include="Sprite\GameUI">
      <UniqueIdentifier>{003efd9e-7308-41aa-af92-1d16db7324bb}</UniqueIdentifier>
    </Filter>
    <Filter Include="Sprite\KeySprite">
      <UniqueIdentifier>{66ba108c-08ea-4d66-97e9-f4a8ebe161b2}</UniqueIdentifier>
    </Filter>
    <Filter Include="UICanvas">
      <UniqueIdentifier>{7ea27121-54e3-4d91-aa7e-217af08b6859}</UniqueIdentifier>
    </Filter>
    <Filter Include="UICanvas\GameStageCanvas">
      <UniqueIdentifier>{476ecff2-d80c-4c60-8749-4d6c0ebdd9c3}</UniqueIdentifier>
    </Filter>
    <Filter Include="UICanvas\TitleStageCanvas">
      <UniqueIdentifier>{8ee6c495-52ec-4a8b-b682-a6daab46a405}</UniqueIdentifier>
    </Filter>
    <Filter Include="UICanvas\ClearStageCanvas">
      <UniqueIdentifier>{2bf7a9ac-a604-46fd-a76e-6319dee70b40}</UniqueIdentifier>
    </Filter>
    <Filter Include="UICanvas\DescriptionStageCanvas">
      <UniqueIdentifier>{49800363-5687-41d1-8e17-aa3696c47f7c}</UniqueIdentifier>
    </Filter>
    <Filter Include="Effect">
      <UniqueIdentifier>{ddcffa2b-4cdd-4294-b563-2aefeb8ef458}</UniqueIdentifier>
    </Filter>
    <Filter Include="Effect\EfkInterfece">
      <UniqueIdentifier>{77eb8001-fb2b-416a-af98-0d73451ea895}</UniqueIdentifier>
    </Filter>
    <Filter Include="Effect\KeyParticle">
      <UniqueIdentifier>{5486842c-a282-4a77-b8c2-c90bb79499fe}</UniqueIdentifier>
    </Filter>
    <Filter Include="Object">
      <UniqueIdentifier>{5d9bcdb2-599f-4421-b32a-f8a36c5b79ed}</UniqueIdentifier>
    </Filter>
    <Filter Include="Object\Enemy">
      <UniqueIdentifier>{f5a9b253-591b-4434-bf53-e3bc96da0800}</UniqueIdentifier>
    </Filter>
    <Filter Include="Object\Enemy\Villager">
      <UniqueIdentifier>{960c2feb-40ce-4335-b3ac-9d471d89f5d9}</UniqueIdentifier>
    </Filter>
    <Filter Include="Object\Enemy\Hunter">
      <UniqueIdentifier>{01fc94de-6ec0-4d7a-b6c7-11127d17b79f}</UniqueIdentifier>
    </Filter>
    <Filter Include="Object\Enemy\HeadMan">
      <UniqueIdentifier>{5dd36914-77d8-4a35-bf65-f1fe3427bd55}</UniqueIdentifier>
    </Filter>
    <Filter Include="Object\Enemy\BaseEnemy">
      <UniqueIdentifier>{f3016787-2049-43d7-a0bd-1feec2852961}</UniqueIdentifier>
    </Filter>
    <Filter Include="Object\Building">
      <UniqueIdentifier>{dac5d882-4ae3-456b-8acc-7a246aae4d81}</UniqueIdentifier>
    </Filter>
    <Filter Include="Object\Key">
      <UniqueIdentifier>{0b86e282-5728-4009-9d01-9fb66ba8aff8}</UniqueIdentifier>
    </Filter>
    <Filter Include="Object\StageGate">
      <UniqueIdentifier>{c5248245-183d-4329-a7ca-fab3a1b56bbd}</UniqueIdentifier>
    </Filter>
    <Filter Include="Object\StageFloor">
      <UniqueIdentifier>{074d5a15-520b-420c-8204-ead388bbaaf0}</UniqueIdentifier>
    </Filter>
    <Filter Include="Object\Player">
      <UniqueIdentifier>{bf0caa5e-e558-469d-862d-3e79592b7fb2}</UniqueIdentifier>
    </Filter>
    <Filter Include="Object\Camera">
      <UniqueIdentifier>{4370495d-240b-4e4d-8afd-dbd075ad373f}</UniqueIdentifier>
    </Filter>
    <Filter Include="Object\Stage">
      <UniqueIdentifier>{d2c5d99e-ecb1-4d44-b0bf-62347e00a9f0}</UniqueIdentifier>
    </Filter>
    <Filter Include="Object\Stage\ClearStage">
      <UniqueIdentifier>{ce4cb83d-1b51-41ca-9ab0-85224808b862}</UniqueIdentifier>
    </Filter>
    <Filter Include="Object\Stage\GameStage">
      <UniqueIdentifier>{40034e51-2dc4-4648-8665-e6f606afe337}</UniqueIdentifier>
    </Filter>
    <Filter Include="Object\Stage\TitleStage">
      <UniqueIdentifier>{632ba4b4-4c27-4250-816c-2df1ef04c140}</UniqueIdentifier>
    </Filter>
    <Filter Include="Object\Stage\DescriptionStage">
      <UniqueIdentifier>{5840d30d-a2d5-48ac-8f97-ba895b193d60}</UniqueIdentifier>
    </Filter>
    <Filter Include="Object\Wood">
      <UniqueIdentifier>{780fe6eb-9565-46e1-aef9-45086db60983}</UniqueIdentifier>
    </Filter>
    <Filter Include="Object\WoodBox">
      <UniqueIdentifier>{cbce27ca-5d36-4c6a-9c55-5db4bfc32b8a}</UniqueIdentifier>
    </Filter>
    <Filter Include="Object\Meat">
      <UniqueIdentifier>{f1b595fd-71a8-45d0-b8a3-c116caec3eb0}</UniqueIdentifier>
    </Filter>
    <Filter Include="Object\GoalPlayer">
      <UniqueIdentifier>{cf345e47-6a37-4abb-b2b7-c0886affea75}</UniqueIdentifier>
    </Filter>
    <Filter Include="Object\OpeningCamera">
      <UniqueIdentifier>{d99b79cc-854f-4867-be56-7e1f69f94d78}</UniqueIdentifier>
    </Filter>
    <Filter Include="Object\OpeningCamera\OpeningCameraMan">
      <UniqueIdentifier>{f7aa1187-bcb6-4193-b564-73836f7e01b2}</UniqueIdentifier>
    </Filter>
    <Filter Include="Object\OpeningCamera\OpeningCameraState">
      <UniqueIdentifier>{31ba4864-27f7-45db-bbe4-929506ca0e95}</UniqueIdentifier>
    </Filter>
    <Filter Include="Object\OpeningCamera\OpeningCamera">
      <UniqueIdentifier>{f6735c36-10d2-4c14-bc49-7ef9cf40c6d9}</UniqueIdentifier>
    </Filter>
    <Filter Include="GameManager">
      <UniqueIdentifier>{2ce4f3e2-7d94-4c65-91b2-9cef9769b0d7}</UniqueIdentifier>
    </Filter>
  </ItemGroup>
</Project>